// !$*UTF8*$!
{
	archiveVersion = 1;
	classes = {
	};
	objectVersion = 46;
	objects = {

/* Begin PBXBuildFile section */
		79075B7219A5DF5F00310B88 /* DBUtil.cpp in Sources */ = {isa = PBXBuildFile; fileRef = 79075B6519A5DF5F00310B88 /* DBUtil.cpp */; };
		79075B7419A5DF5F00310B88 /* FileUtil.cpp in Sources */ = {isa = PBXBuildFile; fileRef = 79075B6919A5DF5F00310B88 /* FileUtil.cpp */; };
		79075B7519A5DF5F00310B88 /* FileUtilIOS.mm in Sources */ = {isa = PBXBuildFile; fileRef = 79075B6B19A5DF5F00310B88 /* FileUtilIOS.mm */; };
		79075B7619A5DF5F00310B88 /* RegexManager.cpp in Sources */ = {isa = PBXBuildFile; fileRef = 79075B6D19A5DF5F00310B88 /* RegexManager.cpp */; };
		79075B7B19A5ED9500310B88 /* Crawler.cpp in Sources */ = {isa = PBXBuildFile; fileRef = 79075B7919A5ED9500310B88 /* Crawler.cpp */; };
		79075B7E19A5EDBD00310B88 /* PlayerInfo.cpp in Sources */ = {isa = PBXBuildFile; fileRef = 79075B7C19A5EDBC00310B88 /* PlayerInfo.cpp */; };
		79075B8119A6209100310B88 /* regex in Resources */ = {isa = PBXBuildFile; fileRef = 79075B8019A6209100310B88 /* regex */; };
		791CD26019DBCBE4005A0167 /* UserDefault.cpp in Sources */ = {isa = PBXBuildFile; fileRef = 791CD25E19DBCBE4005A0167 /* UserDefault.cpp */; };
		791CD26619DBE2BA005A0167 /* AddToWatchListController.m in Sources */ = {isa = PBXBuildFile; fileRef = 791CD26519DBE2BA005A0167 /* AddToWatchListController.m */; };
		7996364319DD56E600C40A7A /* APIRecentMatches.cpp in Sources */ = {isa = PBXBuildFile; fileRef = 7996363D19DD56E600C40A7A /* APIRecentMatches.cpp */; };
		7996364419DD56E600C40A7A /* LocalAPI.cpp in Sources */ = {isa = PBXBuildFile; fileRef = 7996363F19DD56E600C40A7A /* LocalAPI.cpp */; };
		7996364519DD56E600C40A7A /* LocalService.cpp in Sources */ = {isa = PBXBuildFile; fileRef = 7996364119DD56E600C40A7A /* LocalService.cpp */; };
		7996364819DD572900C40A7A /* NewsFeedTableViewController.m in Sources */ = {isa = PBXBuildFile; fileRef = 7996364719DD572900C40A7A /* NewsFeedTableViewController.m */; };
		7996364B19DD644200C40A7A /* APIBasicInfo.cpp in Sources */ = {isa = PBXBuildFile; fileRef = 7996364919DD644200C40A7A /* APIBasicInfo.cpp */; };
		7996364F19DE2BF900C40A7A /* LocalServiceObjc.mm in Sources */ = {isa = PBXBuildFile; fileRef = 7996364E19DE2BF900C40A7A /* LocalServiceObjc.mm */; };
		7996365219DE2D2D00C40A7A /* TypeUtils.mm in Sources */ = {isa = PBXBuildFile; fileRef = 7996365119DE2D2D00C40A7A /* TypeUtils.mm */; };
		79B64D4019D9662000E00AB2 /* libcurl.a in Frameworks */ = {isa = PBXBuildFile; fileRef = 79B64D3F19D9662000E00AB2 /* libcurl.a */; };
		79B64D4219D9664400E00AB2 /* libleveldb.a in Frameworks */ = {isa = PBXBuildFile; fileRef = 79B64D4119D9664400E00AB2 /* libleveldb.a */; };
		79BD333619AB3846009B322B /* WatchListTableViewCell.m in Sources */ = {isa = PBXBuildFile; fileRef = 79BD333519AB3846009B322B /* WatchListTableViewCell.m */; };
		79BD333919AB3989009B322B /* WatchListTableViewController.mm in Sources */ = {isa = PBXBuildFile; fileRef = 79BD333819AB3989009B322B /* WatchListTableViewController.mm */; };
		79BD333C19AB4248009B322B /* DownloadManager.cpp in Sources */ = {isa = PBXBuildFile; fileRef = 79BD333A19AB4248009B322B /* DownloadManager.cpp */; };
		79BD333F19AB448E009B322B /* CurlClient.cpp in Sources */ = {isa = PBXBuildFile; fileRef = 79BD333D19AB448E009B322B /* CurlClient.cpp */; };
		79F9E8D1194FD0A70040F0FB /* Foundation.framework in Frameworks */ = {isa = PBXBuildFile; fileRef = 79F9E8D0194FD0A70040F0FB /* Foundation.framework */; };
		79F9E8D3194FD0A70040F0FB /* CoreGraphics.framework in Frameworks */ = {isa = PBXBuildFile; fileRef = 79F9E8D2194FD0A70040F0FB /* CoreGraphics.framework */; };
		79F9E8D5194FD0A70040F0FB /* UIKit.framework in Frameworks */ = {isa = PBXBuildFile; fileRef = 79F9E8D4194FD0A70040F0FB /* UIKit.framework */; };
		79F9E8DB194FD0A70040F0FB /* InfoPlist.strings in Resources */ = {isa = PBXBuildFile; fileRef = 79F9E8D9194FD0A70040F0FB /* InfoPlist.strings */; };
		79F9E8DD194FD0A70040F0FB /* main.m in Sources */ = {isa = PBXBuildFile; fileRef = 79F9E8DC194FD0A70040F0FB /* main.m */; };
		79F9E8E1194FD0A70040F0FB /* AppDelegate.m in Sources */ = {isa = PBXBuildFile; fileRef = 79F9E8E0194FD0A70040F0FB /* AppDelegate.m */; };
		79F9E8E3194FD0A70040F0FB /* Images.xcassets in Resources */ = {isa = PBXBuildFile; fileRef = 79F9E8E2194FD0A70040F0FB /* Images.xcassets */; };
		79F9E8EA194FD0A70040F0FB /* XCTest.framework in Frameworks */ = {isa = PBXBuildFile; fileRef = 79F9E8E9194FD0A70040F0FB /* XCTest.framework */; };
		79F9E8EB194FD0A70040F0FB /* Foundation.framework in Frameworks */ = {isa = PBXBuildFile; fileRef = 79F9E8D0194FD0A70040F0FB /* Foundation.framework */; };
		79F9E8EC194FD0A70040F0FB /* UIKit.framework in Frameworks */ = {isa = PBXBuildFile; fileRef = 79F9E8D4194FD0A70040F0FB /* UIKit.framework */; };
		79F9E8F4194FD0A70040F0FB /* InfoPlist.strings in Resources */ = {isa = PBXBuildFile; fileRef = 79F9E8F2194FD0A70040F0FB /* InfoPlist.strings */; };
		79F9E8F6194FD0A70040F0FB /* TuTests.m in Sources */ = {isa = PBXBuildFile; fileRef = 79F9E8F5194FD0A70040F0FB /* TuTests.m */; };
		79F9E900195123180040F0FB /* Main.storyboard in Resources */ = {isa = PBXBuildFile; fileRef = 79F9E8FF195123180040F0FB /* Main.storyboard */; };
		79FDA8DC1994C910009286C1 /* libz.dylib in Frameworks */ = {isa = PBXBuildFile; fileRef = 79FDA8DB1994C910009286C1 /* libz.dylib */; };
/* End PBXBuildFile section */

/* Begin PBXContainerItemProxy section */
		79F9E8ED194FD0A70040F0FB /* PBXContainerItemProxy */ = {
			isa = PBXContainerItemProxy;
			containerPortal = 79F9E8C5194FD0A70040F0FB /* Project object */;
			proxyType = 1;
			remoteGlobalIDString = 79F9E8CC194FD0A70040F0FB;
			remoteInfo = Tu;
		};
/* End PBXContainerItemProxy section */

/* Begin PBXFileReference section */
		79075B5D19A5DF5F00310B88 /* Singleton.h */ = {isa = PBXFileReference; fileEncoding = 4; lastKnownFileType = sourcecode.c.h; path = Singleton.h; sourceTree = "<group>"; };
		79075B6519A5DF5F00310B88 /* DBUtil.cpp */ = {isa = PBXFileReference; fileEncoding = 4; lastKnownFileType = sourcecode.cpp.cpp; path = DBUtil.cpp; sourceTree = "<group>"; };
		79075B6619A5DF5F00310B88 /* DBUtil.h */ = {isa = PBXFileReference; fileEncoding = 4; lastKnownFileType = sourcecode.c.h; path = DBUtil.h; sourceTree = "<group>"; };
		79075B6919A5DF5F00310B88 /* FileUtil.cpp */ = {isa = PBXFileReference; fileEncoding = 4; lastKnownFileType = sourcecode.cpp.cpp; path = FileUtil.cpp; sourceTree = "<group>"; };
		79075B6A19A5DF5F00310B88 /* FileUtil.h */ = {isa = PBXFileReference; fileEncoding = 4; lastKnownFileType = sourcecode.c.h; path = FileUtil.h; sourceTree = "<group>"; };
		79075B6B19A5DF5F00310B88 /* FileUtilIOS.mm */ = {isa = PBXFileReference; fileEncoding = 4; lastKnownFileType = sourcecode.cpp.objcpp; path = FileUtilIOS.mm; sourceTree = "<group>"; };
		79075B6C19A5DF5F00310B88 /* FileUtilIOS.h */ = {isa = PBXFileReference; fileEncoding = 4; lastKnownFileType = sourcecode.c.h; path = FileUtilIOS.h; sourceTree = "<group>"; };
		79075B6D19A5DF5F00310B88 /* RegexManager.cpp */ = {isa = PBXFileReference; fileEncoding = 4; lastKnownFileType = sourcecode.cpp.cpp; path = RegexManager.cpp; sourceTree = "<group>"; };
		79075B6E19A5DF5F00310B88 /* RegexManager.h */ = {isa = PBXFileReference; fileEncoding = 4; lastKnownFileType = sourcecode.c.h; path = RegexManager.h; sourceTree = "<group>"; };
		79075B7819A5DF9B00310B88 /* PlatformDefine.h */ = {isa = PBXFileReference; lastKnownFileType = sourcecode.c.h; path = PlatformDefine.h; sourceTree = "<group>"; };
		79075B7919A5ED9500310B88 /* Crawler.cpp */ = {isa = PBXFileReference; fileEncoding = 4; lastKnownFileType = sourcecode.cpp.cpp; path = Crawler.cpp; sourceTree = "<group>"; };
		79075B7A19A5ED9500310B88 /* Crawler.h */ = {isa = PBXFileReference; fileEncoding = 4; lastKnownFileType = sourcecode.c.h; path = Crawler.h; sourceTree = "<group>"; };
		79075B7C19A5EDBC00310B88 /* PlayerInfo.cpp */ = {isa = PBXFileReference; fileEncoding = 4; lastKnownFileType = sourcecode.cpp.cpp; path = PlayerInfo.cpp; sourceTree = "<group>"; };
		79075B7D19A5EDBD00310B88 /* PlayerInfo.h */ = {isa = PBXFileReference; fileEncoding = 4; lastKnownFileType = sourcecode.c.h; path = PlayerInfo.h; sourceTree = "<group>"; };
		79075B8019A6209100310B88 /* regex */ = {isa = PBXFileReference; fileEncoding = 4; lastKnownFileType = text; path = regex; sourceTree = "<group>"; };
		791CD25E19DBCBE4005A0167 /* UserDefault.cpp */ = {isa = PBXFileReference; fileEncoding = 4; lastKnownFileType = sourcecode.cpp.cpp; path = UserDefault.cpp; sourceTree = "<group>"; };
		791CD25F19DBCBE4005A0167 /* UserDefault.h */ = {isa = PBXFileReference; fileEncoding = 4; lastKnownFileType = sourcecode.c.h; path = UserDefault.h; sourceTree = "<group>"; };
		791CD26419DBE2BA005A0167 /* AddToWatchListController.h */ = {isa = PBXFileReference; fileEncoding = 4; lastKnownFileType = sourcecode.c.h; name = AddToWatchListController.h; path = Frontend/AddToWatchListController.h; sourceTree = "<group>"; };
		791CD26519DBE2BA005A0167 /* AddToWatchListController.m */ = {isa = PBXFileReference; fileEncoding = 4; lastKnownFileType = sourcecode.c.objc; name = AddToWatchListController.m; path = Frontend/AddToWatchListController.m; sourceTree = "<group>"; };
		7996363D19DD56E600C40A7A /* APIRecentMatches.cpp */ = {isa = PBXFileReference; fileEncoding = 4; lastKnownFileType = sourcecode.cpp.cpp; path = APIRecentMatches.cpp; sourceTree = "<group>"; };
		7996363E19DD56E600C40A7A /* APIRecentMatches.h */ = {isa = PBXFileReference; fileEncoding = 4; lastKnownFileType = sourcecode.c.h; path = APIRecentMatches.h; sourceTree = "<group>"; };
		7996363F19DD56E600C40A7A /* LocalAPI.cpp */ = {isa = PBXFileReference; fileEncoding = 4; lastKnownFileType = sourcecode.cpp.cpp; path = LocalAPI.cpp; sourceTree = "<group>"; };
		7996364019DD56E600C40A7A /* LocalAPI.h */ = {isa = PBXFileReference; fileEncoding = 4; lastKnownFileType = sourcecode.c.h; path = LocalAPI.h; sourceTree = "<group>"; };
		7996364119DD56E600C40A7A /* LocalService.cpp */ = {isa = PBXFileReference; fileEncoding = 4; lastKnownFileType = sourcecode.cpp.cpp; path = LocalService.cpp; sourceTree = "<group>"; };
		7996364219DD56E600C40A7A /* LocalService.h */ = {isa = PBXFileReference; fileEncoding = 4; lastKnownFileType = sourcecode.c.h; path = LocalService.h; sourceTree = "<group>"; };
		7996364619DD572900C40A7A /* NewsFeedTableViewController.h */ = {isa = PBXFileReference; fileEncoding = 4; lastKnownFileType = sourcecode.c.h; name = NewsFeedTableViewController.h; path = Frontend/NewsFeedTableViewController.h; sourceTree = "<group>"; };
		7996364719DD572900C40A7A /* NewsFeedTableViewController.m */ = {isa = PBXFileReference; fileEncoding = 4; lastKnownFileType = sourcecode.c.objc; name = NewsFeedTableViewController.m; path = Frontend/NewsFeedTableViewController.m; sourceTree = "<group>"; };
		7996364919DD644200C40A7A /* APIBasicInfo.cpp */ = {isa = PBXFileReference; fileEncoding = 4; lastKnownFileType = sourcecode.cpp.cpp; path = APIBasicInfo.cpp; sourceTree = "<group>"; };
		7996364A19DD644200C40A7A /* APIBasicInfo.h */ = {isa = PBXFileReference; fileEncoding = 4; lastKnownFileType = sourcecode.c.h; path = APIBasicInfo.h; sourceTree = "<group>"; };
		7996364D19DE2BF900C40A7A /* LocalServiceObjc.h */ = {isa = PBXFileReference; fileEncoding = 4; lastKnownFileType = sourcecode.c.h; path = LocalServiceObjc.h; sourceTree = "<group>"; };
		7996364E19DE2BF900C40A7A /* LocalServiceObjc.mm */ = {isa = PBXFileReference; fileEncoding = 4; lastKnownFileType = sourcecode.cpp.objcpp; path = LocalServiceObjc.mm; sourceTree = "<group>"; };
		7996365119DE2D2D00C40A7A /* TypeUtils.mm */ = {isa = PBXFileReference; fileEncoding = 4; lastKnownFileType = sourcecode.cpp.objcpp; path = TypeUtils.mm; sourceTree = "<group>"; };
		7996365319DE2D3A00C40A7A /* TypeUtils.h */ = {isa = PBXFileReference; lastKnownFileType = sourcecode.c.h; path = TypeUtils.h; sourceTree = "<group>"; };
		79B64D3F19D9662000E00AB2 /* libcurl.a */ = {isa = PBXFileReference; lastKnownFileType = archive.ar; name = libcurl.a; path = lib/libcurl.a; sourceTree = "<group>"; };
		79B64D4119D9664400E00AB2 /* libleveldb.a */ = {isa = PBXFileReference; lastKnownFileType = archive.ar; name = libleveldb.a; path = lib/leveldb/libleveldb.a; sourceTree = "<group>"; };
		79BD333419AB3846009B322B /* WatchListTableViewCell.h */ = {isa = PBXFileReference; fileEncoding = 4; lastKnownFileType = sourcecode.c.h; name = WatchListTableViewCell.h; path = Frontend/WatchListTableViewCell.h; sourceTree = "<group>"; };
		79BD333519AB3846009B322B /* WatchListTableViewCell.m */ = {isa = PBXFileReference; fileEncoding = 4; lastKnownFileType = sourcecode.c.objc; name = WatchListTableViewCell.m; path = Frontend/WatchListTableViewCell.m; sourceTree = "<group>"; };
		79BD333719AB3989009B322B /* WatchListTableViewController.h */ = {isa = PBXFileReference; fileEncoding = 4; lastKnownFileType = sourcecode.c.h; name = WatchListTableViewController.h; path = Frontend/WatchListTableViewController.h; sourceTree = "<group>"; };
		79BD333819AB3989009B322B /* WatchListTableViewController.mm */ = {isa = PBXFileReference; fileEncoding = 4; lastKnownFileType = sourcecode.cpp.objcpp; name = WatchListTableViewController.mm; path = Frontend/WatchListTableViewController.mm; sourceTree = "<group>"; };
		79BD333A19AB4248009B322B /* DownloadManager.cpp */ = {isa = PBXFileReference; fileEncoding = 4; lastKnownFileType = sourcecode.cpp.cpp; path = DownloadManager.cpp; sourceTree = "<group>"; };
		79BD333B19AB4248009B322B /* DownloadManager.h */ = {isa = PBXFileReference; fileEncoding = 4; lastKnownFileType = sourcecode.c.h; path = DownloadManager.h; sourceTree = "<group>"; };
		79BD333D19AB448E009B322B /* CurlClient.cpp */ = {isa = PBXFileReference; fileEncoding = 4; lastKnownFileType = sourcecode.cpp.cpp; path = CurlClient.cpp; sourceTree = "<group>"; };
		79BD333E19AB448E009B322B /* CurlClient.h */ = {isa = PBXFileReference; fileEncoding = 4; lastKnownFileType = sourcecode.c.h; path = CurlClient.h; sourceTree = "<group>"; };
		79F9E8CD194FD0A70040F0FB /* Tu.app */ = {isa = PBXFileReference; explicitFileType = wrapper.application; includeInIndex = 0; path = Tu.app; sourceTree = BUILT_PRODUCTS_DIR; };
		79F9E8D0194FD0A70040F0FB /* Foundation.framework */ = {isa = PBXFileReference; lastKnownFileType = wrapper.framework; name = Foundation.framework; path = System/Library/Frameworks/Foundation.framework; sourceTree = SDKROOT; };
		79F9E8D2194FD0A70040F0FB /* CoreGraphics.framework */ = {isa = PBXFileReference; lastKnownFileType = wrapper.framework; name = CoreGraphics.framework; path = System/Library/Frameworks/CoreGraphics.framework; sourceTree = SDKROOT; };
		79F9E8D4194FD0A70040F0FB /* UIKit.framework */ = {isa = PBXFileReference; lastKnownFileType = wrapper.framework; name = UIKit.framework; path = System/Library/Frameworks/UIKit.framework; sourceTree = SDKROOT; };
		79F9E8D8194FD0A70040F0FB /* Tu-Info.plist */ = {isa = PBXFileReference; lastKnownFileType = text.plist.xml; path = "Tu-Info.plist"; sourceTree = "<group>"; };
		79F9E8DA194FD0A70040F0FB /* en */ = {isa = PBXFileReference; lastKnownFileType = text.plist.strings; name = en; path = en.lproj/InfoPlist.strings; sourceTree = "<group>"; };
		79F9E8DC194FD0A70040F0FB /* main.m */ = {isa = PBXFileReference; lastKnownFileType = sourcecode.c.objc; path = main.m; sourceTree = "<group>"; };
		79F9E8DE194FD0A70040F0FB /* Tu-Prefix.pch */ = {isa = PBXFileReference; lastKnownFileType = sourcecode.c.h; path = "Tu-Prefix.pch"; sourceTree = "<group>"; };
		79F9E8DF194FD0A70040F0FB /* AppDelegate.h */ = {isa = PBXFileReference; lastKnownFileType = sourcecode.c.h; path = AppDelegate.h; sourceTree = "<group>"; };
		79F9E8E0194FD0A70040F0FB /* AppDelegate.m */ = {isa = PBXFileReference; lastKnownFileType = sourcecode.c.objc; path = AppDelegate.m; sourceTree = "<group>"; };
		79F9E8E2194FD0A70040F0FB /* Images.xcassets */ = {isa = PBXFileReference; lastKnownFileType = folder.assetcatalog; path = Images.xcassets; sourceTree = "<group>"; };
		79F9E8E8194FD0A70040F0FB /* TuTests.xctest */ = {isa = PBXFileReference; explicitFileType = wrapper.cfbundle; includeInIndex = 0; path = TuTests.xctest; sourceTree = BUILT_PRODUCTS_DIR; };
		79F9E8E9194FD0A70040F0FB /* XCTest.framework */ = {isa = PBXFileReference; lastKnownFileType = wrapper.framework; name = XCTest.framework; path = Library/Frameworks/XCTest.framework; sourceTree = DEVELOPER_DIR; };
		79F9E8F1194FD0A70040F0FB /* TuTests-Info.plist */ = {isa = PBXFileReference; lastKnownFileType = text.plist.xml; path = "TuTests-Info.plist"; sourceTree = "<group>"; };
		79F9E8F3194FD0A70040F0FB /* en */ = {isa = PBXFileReference; lastKnownFileType = text.plist.strings; name = en; path = en.lproj/InfoPlist.strings; sourceTree = "<group>"; };
		79F9E8F5194FD0A70040F0FB /* TuTests.m */ = {isa = PBXFileReference; lastKnownFileType = sourcecode.c.objc; path = TuTests.m; sourceTree = "<group>"; };
		79F9E8FF195123180040F0FB /* Main.storyboard */ = {isa = PBXFileReference; fileEncoding = 4; lastKnownFileType = file.storyboard; path = Main.storyboard; sourceTree = "<group>"; };
		79FDA8DB1994C910009286C1 /* libz.dylib */ = {isa = PBXFileReference; lastKnownFileType = "compiled.mach-o.dylib"; name = libz.dylib; path = usr/lib/libz.dylib; sourceTree = SDKROOT; };
/* End PBXFileReference section */

/* Begin PBXFrameworksBuildPhase section */
		79F9E8CA194FD0A70040F0FB /* Frameworks */ = {
			isa = PBXFrameworksBuildPhase;
			buildActionMask = 2147483647;
			files = (
				79FDA8DC1994C910009286C1 /* libz.dylib in Frameworks */,
				79F9E8D3194FD0A70040F0FB /* CoreGraphics.framework in Frameworks */,
				79F9E8D5194FD0A70040F0FB /* UIKit.framework in Frameworks */,
				79F9E8D1194FD0A70040F0FB /* Foundation.framework in Frameworks */,
				79B64D4219D9664400E00AB2 /* libleveldb.a in Frameworks */,
				79B64D4019D9662000E00AB2 /* libcurl.a in Frameworks */,
			);
			runOnlyForDeploymentPostprocessing = 0;
		};
		79F9E8E5194FD0A70040F0FB /* Frameworks */ = {
			isa = PBXFrameworksBuildPhase;
			buildActionMask = 2147483647;
			files = (
				79F9E8EA194FD0A70040F0FB /* XCTest.framework in Frameworks */,
				79F9E8EC194FD0A70040F0FB /* UIKit.framework in Frameworks */,
				79F9E8EB194FD0A70040F0FB /* Foundation.framework in Frameworks */,
			);
			runOnlyForDeploymentPostprocessing = 0;
		};
/* End PBXFrameworksBuildPhase section */

/* Begin PBXGroup section */
		79075B5B19A5DF5F00310B88 /* Backend */ = {
			isa = PBXGroup;
			children = (
				79075B5C19A5DF5F00310B88 /* Base */,
				79075B7719A5DF7700310B88 /* Common */,
				79075B6419A5DF5F00310B88 /* Utils */,
				79075B7C19A5EDBC00310B88 /* PlayerInfo.cpp */,
				79075B7D19A5EDBD00310B88 /* PlayerInfo.h */,
				79075B7919A5ED9500310B88 /* Crawler.cpp */,
				79075B7A19A5ED9500310B88 /* Crawler.h */,
			);
			path = Backend;
			sourceTree = "<group>";
		};
		79075B5C19A5DF5F00310B88 /* Base */ = {
			isa = PBXGroup;
			children = (
				79075B5D19A5DF5F00310B88 /* Singleton.h */,
			);
			path = Base;
			sourceTree = "<group>";
		};
		79075B6419A5DF5F00310B88 /* Utils */ = {
			isa = PBXGroup;
			children = (
				79BD333D19AB448E009B322B /* CurlClient.cpp */,
				79BD333E19AB448E009B322B /* CurlClient.h */,
				79075B6519A5DF5F00310B88 /* DBUtil.cpp */,
				79075B6619A5DF5F00310B88 /* DBUtil.h */,
				79075B6919A5DF5F00310B88 /* FileUtil.cpp */,
				79075B6A19A5DF5F00310B88 /* FileUtil.h */,
				79075B6B19A5DF5F00310B88 /* FileUtilIOS.mm */,
				79075B6C19A5DF5F00310B88 /* FileUtilIOS.h */,
				79075B6D19A5DF5F00310B88 /* RegexManager.cpp */,
				79075B6E19A5DF5F00310B88 /* RegexManager.h */,
				79BD333A19AB4248009B322B /* DownloadManager.cpp */,
				79BD333B19AB4248009B322B /* DownloadManager.h */,
				791CD25E19DBCBE4005A0167 /* UserDefault.cpp */,
				791CD25F19DBCBE4005A0167 /* UserDefault.h */,
			);
			path = Utils;
			sourceTree = "<group>";
		};
		79075B7719A5DF7700310B88 /* Common */ = {
			isa = PBXGroup;
			children = (
				79075B7819A5DF9B00310B88 /* PlatformDefine.h */,
			);
			name = Common;
			sourceTree = "<group>";
		};
		791E7A5A1999AAFD00B709E9 /* Resources */ = {
			isa = PBXGroup;
			children = (
				79075B8019A6209100310B88 /* regex */,
			);
			path = Resources;
			sourceTree = "<group>";
		};
		7996363B19DD56E600C40A7A /* Service */ = {
			isa = PBXGroup;
			children = (
				7996363C19DD56E600C40A7A /* API */,
				7996363F19DD56E600C40A7A /* LocalAPI.cpp */,
				7996364019DD56E600C40A7A /* LocalAPI.h */,
				7996364119DD56E600C40A7A /* LocalService.cpp */,
				7996364219DD56E600C40A7A /* LocalService.h */,
			);
			path = Service;
			sourceTree = "<group>";
		};
		7996363C19DD56E600C40A7A /* API */ = {
			isa = PBXGroup;
			children = (
				7996363D19DD56E600C40A7A /* APIRecentMatches.cpp */,
				7996363E19DD56E600C40A7A /* APIRecentMatches.h */,
				7996364919DD644200C40A7A /* APIBasicInfo.cpp */,
				7996364A19DD644200C40A7A /* APIBasicInfo.h */,
			);
			path = API;
			sourceTree = "<group>";
		};
		7996364C19DE2BF900C40A7A /* Bridge */ = {
			isa = PBXGroup;
			children = (
				7996365019DE2CEF00C40A7A /* Utils */,
				7996364D19DE2BF900C40A7A /* LocalServiceObjc.h */,
				7996364E19DE2BF900C40A7A /* LocalServiceObjc.mm */,
			);
			name = Bridge;
			path = Tu/Bridge;
			sourceTree = SOURCE_ROOT;
		};
		7996365019DE2CEF00C40A7A /* Utils */ = {
			isa = PBXGroup;
			children = (
				7996365119DE2D2D00C40A7A /* TypeUtils.mm */,
				7996365319DE2D3A00C40A7A /* TypeUtils.h */,
			);
			path = Utils;
			sourceTree = "<group>";
		};
		79B77EBF19790A96005C6432 /* Frontend */ = {
			isa = PBXGroup;
			children = (
				79BD333419AB3846009B322B /* WatchListTableViewCell.h */,
				79BD333519AB3846009B322B /* WatchListTableViewCell.m */,
				79BD333719AB3989009B322B /* WatchListTableViewController.h */,
				79BD333819AB3989009B322B /* WatchListTableViewController.mm */,
				791CD26419DBE2BA005A0167 /* AddToWatchListController.h */,
				791CD26519DBE2BA005A0167 /* AddToWatchListController.m */,
				7996364619DD572900C40A7A /* NewsFeedTableViewController.h */,
				7996364719DD572900C40A7A /* NewsFeedTableViewController.m */,
			);
			name = Frontend;
			sourceTree = "<group>";
		};
		79F9E8C4194FD0A70040F0FB = {
			isa = PBXGroup;
			children = (
				791E7A5A1999AAFD00B709E9 /* Resources */,
				79F9E8D6194FD0A70040F0FB /* Tu */,
				79F9E8EF194FD0A70040F0FB /* TuTests */,
				79F9E8CF194FD0A70040F0FB /* Frameworks */,
				79F9E8CE194FD0A70040F0FB /* Products */,
			);
			sourceTree = "<group>";
		};
		79F9E8CE194FD0A70040F0FB /* Products */ = {
			isa = PBXGroup;
			children = (
				79F9E8CD194FD0A70040F0FB /* Tu.app */,
				79F9E8E8194FD0A70040F0FB /* TuTests.xctest */,
			);
			name = Products;
			sourceTree = "<group>";
		};
		79F9E8CF194FD0A70040F0FB /* Frameworks */ = {
			isa = PBXGroup;
			children = (
				79B64D4119D9664400E00AB2 /* libleveldb.a */,
				79B64D3F19D9662000E00AB2 /* libcurl.a */,
				79FDA8DB1994C910009286C1 /* libz.dylib */,
				79F9E8D0194FD0A70040F0FB /* Foundation.framework */,
				79F9E8D2194FD0A70040F0FB /* CoreGraphics.framework */,
				79F9E8D4194FD0A70040F0FB /* UIKit.framework */,
				79F9E8E9194FD0A70040F0FB /* XCTest.framework */,
			);
			name = Frameworks;
			sourceTree = "<group>";
		};
		79F9E8D6194FD0A70040F0FB /* Tu */ = {
			isa = PBXGroup;
			children = (
				7996364C19DE2BF900C40A7A /* Bridge */,
				7996363B19DD56E600C40A7A /* Service */,
				79075B5B19A5DF5F00310B88 /* Backend */,
				79B77EBF19790A96005C6432 /* Frontend */,
				79F9E8DF194FD0A70040F0FB /* AppDelegate.h */,
				79F9E8E0194FD0A70040F0FB /* AppDelegate.m */,
				79F9E8FF195123180040F0FB /* Main.storyboard */,
				79F9E8E2194FD0A70040F0FB /* Images.xcassets */,
				79F9E8D7194FD0A70040F0FB /* Supporting Files */,
			);
			path = Tu;
			sourceTree = "<group>";
		};
		79F9E8D7194FD0A70040F0FB /* Supporting Files */ = {
			isa = PBXGroup;
			children = (
				79F9E8D8194FD0A70040F0FB /* Tu-Info.plist */,
				79F9E8D9194FD0A70040F0FB /* InfoPlist.strings */,
				79F9E8DC194FD0A70040F0FB /* main.m */,
				79F9E8DE194FD0A70040F0FB /* Tu-Prefix.pch */,
			);
			name = "Supporting Files";
			sourceTree = "<group>";
		};
		79F9E8EF194FD0A70040F0FB /* TuTests */ = {
			isa = PBXGroup;
			children = (
				79F9E8F5194FD0A70040F0FB /* TuTests.m */,
				79F9E8F0194FD0A70040F0FB /* Supporting Files */,
			);
			path = TuTests;
			sourceTree = "<group>";
		};
		79F9E8F0194FD0A70040F0FB /* Supporting Files */ = {
			isa = PBXGroup;
			children = (
				79F9E8F1194FD0A70040F0FB /* TuTests-Info.plist */,
				79F9E8F2194FD0A70040F0FB /* InfoPlist.strings */,
			);
			name = "Supporting Files";
			sourceTree = "<group>";
		};
/* End PBXGroup section */

/* Begin PBXNativeTarget section */
		79F9E8CC194FD0A70040F0FB /* Tu */ = {
			isa = PBXNativeTarget;
			buildConfigurationList = 79F9E8F9194FD0A70040F0FB /* Build configuration list for PBXNativeTarget "Tu" */;
			buildPhases = (
				79F9E8C9194FD0A70040F0FB /* Sources */,
				79F9E8CA194FD0A70040F0FB /* Frameworks */,
				79F9E8CB194FD0A70040F0FB /* Resources */,
			);
			buildRules = (
			);
			dependencies = (
			);
			name = Tu;
			productName = Tu;
			productReference = 79F9E8CD194FD0A70040F0FB /* Tu.app */;
			productType = "com.apple.product-type.application";
		};
		79F9E8E7194FD0A70040F0FB /* TuTests */ = {
			isa = PBXNativeTarget;
			buildConfigurationList = 79F9E8FC194FD0A70040F0FB /* Build configuration list for PBXNativeTarget "TuTests" */;
			buildPhases = (
				79F9E8E4194FD0A70040F0FB /* Sources */,
				79F9E8E5194FD0A70040F0FB /* Frameworks */,
				79F9E8E6194FD0A70040F0FB /* Resources */,
			);
			buildRules = (
			);
			dependencies = (
				79F9E8EE194FD0A70040F0FB /* PBXTargetDependency */,
			);
			name = TuTests;
			productName = TuTests;
			productReference = 79F9E8E8194FD0A70040F0FB /* TuTests.xctest */;
			productType = "com.apple.product-type.bundle.unit-test";
		};
/* End PBXNativeTarget section */

/* Begin PBXProject section */
		79F9E8C5194FD0A70040F0FB /* Project object */ = {
			isa = PBXProject;
			attributes = {
				LastUpgradeCheck = 0510;
				ORGANIZATIONNAME = "Ce Zheng";
				TargetAttributes = {
					79F9E8E7194FD0A70040F0FB = {
						TestTargetID = 79F9E8CC194FD0A70040F0FB;
					};
				};
			};
			buildConfigurationList = 79F9E8C8194FD0A70040F0FB /* Build configuration list for PBXProject "Tu" */;
			compatibilityVersion = "Xcode 3.2";
			developmentRegion = English;
			hasScannedForEncodings = 0;
			knownRegions = (
				en,
			);
			mainGroup = 79F9E8C4194FD0A70040F0FB;
			productRefGroup = 79F9E8CE194FD0A70040F0FB /* Products */;
			projectDirPath = "";
			projectRoot = "";
			targets = (
				79F9E8CC194FD0A70040F0FB /* Tu */,
				79F9E8E7194FD0A70040F0FB /* TuTests */,
			);
		};
/* End PBXProject section */

/* Begin PBXResourcesBuildPhase section */
		79F9E8CB194FD0A70040F0FB /* Resources */ = {
			isa = PBXResourcesBuildPhase;
			buildActionMask = 2147483647;
			files = (
				79075B8119A6209100310B88 /* regex in Resources */,
				79F9E900195123180040F0FB /* Main.storyboard in Resources */,
				79F9E8DB194FD0A70040F0FB /* InfoPlist.strings in Resources */,
				79F9E8E3194FD0A70040F0FB /* Images.xcassets in Resources */,
			);
			runOnlyForDeploymentPostprocessing = 0;
		};
		79F9E8E6194FD0A70040F0FB /* Resources */ = {
			isa = PBXResourcesBuildPhase;
			buildActionMask = 2147483647;
			files = (
				79F9E8F4194FD0A70040F0FB /* InfoPlist.strings in Resources */,
			);
			runOnlyForDeploymentPostprocessing = 0;
		};
/* End PBXResourcesBuildPhase section */

/* Begin PBXSourcesBuildPhase section */
		79F9E8C9194FD0A70040F0FB /* Sources */ = {
			isa = PBXSourcesBuildPhase;
			buildActionMask = 2147483647;
			files = (
				79BD333919AB3989009B322B /* WatchListTableViewController.mm in Sources */,
				7996364F19DE2BF900C40A7A /* LocalServiceObjc.mm in Sources */,
				79075B7E19A5EDBD00310B88 /* PlayerInfo.cpp in Sources */,
				7996364819DD572900C40A7A /* NewsFeedTableViewController.m in Sources */,
				791CD26619DBE2BA005A0167 /* AddToWatchListController.m in Sources */,
				79F9E8E1194FD0A70040F0FB /* AppDelegate.m in Sources */,
				791CD26019DBCBE4005A0167 /* UserDefault.cpp in Sources */,
				7996364319DD56E600C40A7A /* APIRecentMatches.cpp in Sources */,
				79BD333C19AB4248009B322B /* DownloadManager.cpp in Sources */,
				7996364B19DD644200C40A7A /* APIBasicInfo.cpp in Sources */,
				7996365219DE2D2D00C40A7A /* TypeUtils.mm in Sources */,
				79075B7619A5DF5F00310B88 /* RegexManager.cpp in Sources */,
				7996364519DD56E600C40A7A /* LocalService.cpp in Sources */,
				79F9E8DD194FD0A70040F0FB /* main.m in Sources */,
				79075B7419A5DF5F00310B88 /* FileUtil.cpp in Sources */,
				79075B7B19A5ED9500310B88 /* Crawler.cpp in Sources */,
				79BD333619AB3846009B322B /* WatchListTableViewCell.m in Sources */,
				79075B7519A5DF5F00310B88 /* FileUtilIOS.mm in Sources */,
				79075B7219A5DF5F00310B88 /* DBUtil.cpp in Sources */,
				79BD333F19AB448E009B322B /* CurlClient.cpp in Sources */,
				7996364419DD56E600C40A7A /* LocalAPI.cpp in Sources */,
			);
			runOnlyForDeploymentPostprocessing = 0;
		};
		79F9E8E4194FD0A70040F0FB /* Sources */ = {
			isa = PBXSourcesBuildPhase;
			buildActionMask = 2147483647;
			files = (
				79F9E8F6194FD0A70040F0FB /* TuTests.m in Sources */,
			);
			runOnlyForDeploymentPostprocessing = 0;
		};
/* End PBXSourcesBuildPhase section */

/* Begin PBXTargetDependency section */
		79F9E8EE194FD0A70040F0FB /* PBXTargetDependency */ = {
			isa = PBXTargetDependency;
			target = 79F9E8CC194FD0A70040F0FB /* Tu */;
			targetProxy = 79F9E8ED194FD0A70040F0FB /* PBXContainerItemProxy */;
		};
/* End PBXTargetDependency section */

/* Begin PBXVariantGroup section */
		79F9E8D9194FD0A70040F0FB /* InfoPlist.strings */ = {
			isa = PBXVariantGroup;
			children = (
				79F9E8DA194FD0A70040F0FB /* en */,
			);
			name = InfoPlist.strings;
			sourceTree = "<group>";
		};
		79F9E8F2194FD0A70040F0FB /* InfoPlist.strings */ = {
			isa = PBXVariantGroup;
			children = (
				79F9E8F3194FD0A70040F0FB /* en */,
			);
			name = InfoPlist.strings;
			sourceTree = "<group>";
		};
/* End PBXVariantGroup section */

/* Begin XCBuildConfiguration section */
		79F9E8F7194FD0A70040F0FB /* Debug */ = {
			isa = XCBuildConfiguration;
			buildSettings = {
				ALWAYS_SEARCH_USER_PATHS = NO;
				CLANG_CXX_LANGUAGE_STANDARD = "gnu++0x";
				CLANG_CXX_LIBRARY = "libc++";
				CLANG_ENABLE_MODULES = YES;
				CLANG_ENABLE_OBJC_ARC = YES;
				CLANG_WARN_BOOL_CONVERSION = YES;
				CLANG_WARN_CONSTANT_CONVERSION = YES;
				CLANG_WARN_DIRECT_OBJC_ISA_USAGE = YES_ERROR;
				CLANG_WARN_EMPTY_BODY = YES;
				CLANG_WARN_ENUM_CONVERSION = YES;
				CLANG_WARN_INT_CONVERSION = YES;
				CLANG_WARN_OBJC_ROOT_CLASS = YES_ERROR;
				CLANG_WARN__DUPLICATE_METHOD_MATCH = YES;
				"CODE_SIGN_IDENTITY[sdk=iphoneos*]" = "iPhone Developer";
				COPY_PHASE_STRIP = NO;
				GCC_C_LANGUAGE_STANDARD = gnu99;
				GCC_DYNAMIC_NO_PIC = NO;
				GCC_OPTIMIZATION_LEVEL = 0;
				GCC_PREPROCESSOR_DEFINITIONS = (
					"DEBUG=1",
					"$(inherited)",
				);
				GCC_SYMBOLS_PRIVATE_EXTERN = NO;
				GCC_WARN_64_TO_32_BIT_CONVERSION = YES;
				GCC_WARN_ABOUT_RETURN_TYPE = YES_ERROR;
				GCC_WARN_UNDECLARED_SELECTOR = YES;
				GCC_WARN_UNINITIALIZED_AUTOS = YES_AGGRESSIVE;
				GCC_WARN_UNUSED_FUNCTION = YES;
				GCC_WARN_UNUSED_VARIABLE = YES;
				IPHONEOS_DEPLOYMENT_TARGET = 7.1;
				ONLY_ACTIVE_ARCH = YES;
				SDKROOT = iphoneos;
				TARGETED_DEVICE_FAMILY = "1,2";
			};
			name = Debug;
		};
		79F9E8F8194FD0A70040F0FB /* Release */ = {
			isa = XCBuildConfiguration;
			buildSettings = {
				ALWAYS_SEARCH_USER_PATHS = NO;
				CLANG_CXX_LANGUAGE_STANDARD = "gnu++0x";
				CLANG_CXX_LIBRARY = "libc++";
				CLANG_ENABLE_MODULES = YES;
				CLANG_ENABLE_OBJC_ARC = YES;
				CLANG_WARN_BOOL_CONVERSION = YES;
				CLANG_WARN_CONSTANT_CONVERSION = YES;
				CLANG_WARN_DIRECT_OBJC_ISA_USAGE = YES_ERROR;
				CLANG_WARN_EMPTY_BODY = YES;
				CLANG_WARN_ENUM_CONVERSION = YES;
				CLANG_WARN_INT_CONVERSION = YES;
				CLANG_WARN_OBJC_ROOT_CLASS = YES_ERROR;
				CLANG_WARN__DUPLICATE_METHOD_MATCH = YES;
				"CODE_SIGN_IDENTITY[sdk=iphoneos*]" = "iPhone Developer";
				COPY_PHASE_STRIP = YES;
				ENABLE_NS_ASSERTIONS = NO;
				GCC_C_LANGUAGE_STANDARD = gnu99;
				GCC_WARN_64_TO_32_BIT_CONVERSION = YES;
				GCC_WARN_ABOUT_RETURN_TYPE = YES_ERROR;
				GCC_WARN_UNDECLARED_SELECTOR = YES;
				GCC_WARN_UNINITIALIZED_AUTOS = YES_AGGRESSIVE;
				GCC_WARN_UNUSED_FUNCTION = YES;
				GCC_WARN_UNUSED_VARIABLE = YES;
				IPHONEOS_DEPLOYMENT_TARGET = 7.1;
				SDKROOT = iphoneos;
				TARGETED_DEVICE_FAMILY = "1,2";
				VALIDATE_PRODUCT = YES;
			};
			name = Release;
		};
		79F9E8FA194FD0A70040F0FB /* Debug */ = {
			isa = XCBuildConfiguration;
			buildSettings = {
				ASSETCATALOG_COMPILER_APPICON_NAME = AppIcon;
				ASSETCATALOG_COMPILER_LAUNCHIMAGE_NAME = LaunchImage;
				CLANG_CXX_LANGUAGE_STANDARD = "c++0x";
				CLANG_CXX_LIBRARY = "libc++";
				CODE_SIGN_IDENTITY = "";
				GCC_PRECOMPILE_PREFIX_HEADER = YES;
				GCC_PREFIX_HEADER = "Tu/Tu-Prefix.pch";
				INFOPLIST_FILE = "Tu/Tu-Info.plist";
				IPHONEOS_DEPLOYMENT_TARGET = 6.0;
				LIBRARY_SEARCH_PATHS = (
					"$(inherited)",
					"$(PROJECT_DIR)/lib",
					"$(PROJECT_DIR)/lib/leveldb",
				);
				PRODUCT_NAME = "$(TARGET_NAME)";
				PROVISIONING_PROFILE = "1D9BF79B-3D1F-4C88-97AC-489FAF101D32";
				TARGETED_DEVICE_FAMILY = "1,2";
				USER_HEADER_SEARCH_PATHS = "$(SRCROOT)/lib/**";
				WRAPPER_EXTENSION = app;
			};
			name = Debug;
		};
		79F9E8FB194FD0A70040F0FB /* Release */ = {
			isa = XCBuildConfiguration;
			buildSettings = {
				ASSETCATALOG_COMPILER_APPICON_NAME = AppIcon;
				ASSETCATALOG_COMPILER_LAUNCHIMAGE_NAME = LaunchImage;
				CLANG_CXX_LANGUAGE_STANDARD = "c++0x";
				CLANG_CXX_LIBRARY = "libc++";
				CODE_SIGN_IDENTITY = "";
				GCC_PRECOMPILE_PREFIX_HEADER = YES;
				GCC_PREFIX_HEADER = "Tu/Tu-Prefix.pch";
				INFOPLIST_FILE = "Tu/Tu-Info.plist";
				IPHONEOS_DEPLOYMENT_TARGET = 6.0;
				LIBRARY_SEARCH_PATHS = (
					"$(inherited)",
					"$(PROJECT_DIR)/lib",
					"$(PROJECT_DIR)/lib/leveldb",
				);
				PRODUCT_NAME = "$(TARGET_NAME)";
				PROVISIONING_PROFILE = "1D9BF79B-3D1F-4C88-97AC-489FAF101D32";
				TARGETED_DEVICE_FAMILY = "1,2";
				USER_HEADER_SEARCH_PATHS = "$(SRCROOT)/lib/**";
				WRAPPER_EXTENSION = app;
			};
			name = Release;
		};
		79F9E8FD194FD0A70040F0FB /* Debug */ = {
			isa = XCBuildConfiguration;
			buildSettings = {
				BUNDLE_LOADER = "$(BUILT_PRODUCTS_DIR)/Tu.app/Tu";
				FRAMEWORK_SEARCH_PATHS = (
					"$(SDKROOT)/Developer/Library/Frameworks",
					"$(inherited)",
					"$(DEVELOPER_FRAMEWORKS_DIR)",
				);
				GCC_PRECOMPILE_PREFIX_HEADER = YES;
				GCC_PREFIX_HEADER = "Tu/Tu-Prefix.pch";
				GCC_PREPROCESSOR_DEFINITIONS = (
					"DEBUG=1",
					"$(inherited)",
				);
				INFOPLIST_FILE = "TuTests/TuTests-Info.plist";
				PRODUCT_NAME = "$(TARGET_NAME)";
				TEST_HOST = "$(BUNDLE_LOADER)";
				WRAPPER_EXTENSION = xctest;
			};
			name = Debug;
		};
		79F9E8FE194FD0A70040F0FB /* Release */ = {
			isa = XCBuildConfiguration;
			buildSettings = {
				BUNDLE_LOADER = "$(BUILT_PRODUCTS_DIR)/Tu.app/Tu";
				FRAMEWORK_SEARCH_PATHS = (
					"$(SDKROOT)/Developer/Library/Frameworks",
					"$(inherited)",
					"$(DEVELOPER_FRAMEWORKS_DIR)",
				);
				GCC_PRECOMPILE_PREFIX_HEADER = YES;
				GCC_PREFIX_HEADER = "Tu/Tu-Prefix.pch";
				INFOPLIST_FILE = "TuTests/TuTests-Info.plist";
				PRODUCT_NAME = "$(TARGET_NAME)";
				TEST_HOST = "$(BUNDLE_LOADER)";
				WRAPPER_EXTENSION = xctest;
			};
			name = Release;
		};
/* End XCBuildConfiguration section */

/* Begin XCConfigurationList section */
		79F9E8C8194FD0A70040F0FB /* Build configuration list for PBXProject "Tu" */ = {
			isa = XCConfigurationList;
			buildConfigurations = (
				79F9E8F7194FD0A70040F0FB /* Debug */,
				79F9E8F8194FD0A70040F0FB /* Release */,
			);
			defaultConfigurationIsVisible = 0;
			defaultConfigurationName = Release;
		};
		79F9E8F9194FD0A70040F0FB /* Build configuration list for PBXNativeTarget "Tu" */ = {
			isa = XCConfigurationList;
			buildConfigurations = (
				79F9E8FA194FD0A70040F0FB /* Debug */,
				79F9E8FB194FD0A70040F0FB /* Release */,
			);
			defaultConfigurationIsVisible = 0;
			defaultConfigurationName = Release;
		};
		79F9E8FC194FD0A70040F0FB /* Build configuration list for PBXNativeTarget "TuTests" */ = {
			isa = XCConfigurationList;
			buildConfigurations = (
				79F9E8FD194FD0A70040F0FB /* Debug */,
				79F9E8FE194FD0A70040F0FB /* Release */,
			);
			defaultConfigurationIsVisible = 0;
			defaultConfigurationName = Release;
		};
/* End XCConfigurationList section */
	};
	rootObject = 79F9E8C5194FD0A70040F0FB /* Project object */;
}
