// !$*UTF8*$!
{
	archiveVersion = 1;
	classes = {
	};
	objectVersion = 46;
	objects = {

/* Begin PBXBuildFile section */
		791E7A561998BD5A00B709E9 /* PlayerInfo.cpp in Sources */ = {isa = PBXBuildFile; fileRef = 791E7A541998BD5A00B709E9 /* PlayerInfo.cpp */; };
		791E7A591998BFC700B709E9 /* Crawler.cpp in Sources */ = {isa = PBXBuildFile; fileRef = 791E7A571998BFC700B709E9 /* Crawler.cpp */; };
		791E7A5F1999AB8800B709E9 /* RegexManager.cpp in Sources */ = {isa = PBXBuildFile; fileRef = 791E7A5D1999AB8800B709E9 /* RegexManager.cpp */; };
		791E7A611999ABCB00B709E9 /* searchResult in Resources */ = {isa = PBXBuildFile; fileRef = 791E7A601999ABCB00B709E9 /* searchResult */; };
		79B77EBB1978FA1F005C6432 /* CurlTest.cpp in Sources */ = {isa = PBXBuildFile; fileRef = 79B77EB91978FA1F005C6432 /* CurlTest.cpp */; };
		79B77EBE19790A85005C6432 /* TuAddToDoItemViewController.m in Sources */ = {isa = PBXBuildFile; fileRef = 79B77EBD19790A85005C6432 /* TuAddToDoItemViewController.m */; };
		79B77EC219790BA7005C6432 /* TuToDoListTableViewController.m in Sources */ = {isa = PBXBuildFile; fileRef = 79B77EC119790BA7005C6432 /* TuToDoListTableViewController.m */; };
		79F9E8D1194FD0A70040F0FB /* Foundation.framework in Frameworks */ = {isa = PBXBuildFile; fileRef = 79F9E8D0194FD0A70040F0FB /* Foundation.framework */; };
		79F9E8D3194FD0A70040F0FB /* CoreGraphics.framework in Frameworks */ = {isa = PBXBuildFile; fileRef = 79F9E8D2194FD0A70040F0FB /* CoreGraphics.framework */; };
		79F9E8D5194FD0A70040F0FB /* UIKit.framework in Frameworks */ = {isa = PBXBuildFile; fileRef = 79F9E8D4194FD0A70040F0FB /* UIKit.framework */; };
		79F9E8DB194FD0A70040F0FB /* InfoPlist.strings in Resources */ = {isa = PBXBuildFile; fileRef = 79F9E8D9194FD0A70040F0FB /* InfoPlist.strings */; };
		79F9E8DD194FD0A70040F0FB /* main.m in Sources */ = {isa = PBXBuildFile; fileRef = 79F9E8DC194FD0A70040F0FB /* main.m */; };
		79F9E8E1194FD0A70040F0FB /* AppDelegate.m in Sources */ = {isa = PBXBuildFile; fileRef = 79F9E8E0194FD0A70040F0FB /* AppDelegate.m */; };
		79F9E8E3194FD0A70040F0FB /* Images.xcassets in Resources */ = {isa = PBXBuildFile; fileRef = 79F9E8E2194FD0A70040F0FB /* Images.xcassets */; };
		79F9E8EA194FD0A70040F0FB /* XCTest.framework in Frameworks */ = {isa = PBXBuildFile; fileRef = 79F9E8E9194FD0A70040F0FB /* XCTest.framework */; };
		79F9E8EB194FD0A70040F0FB /* Foundation.framework in Frameworks */ = {isa = PBXBuildFile; fileRef = 79F9E8D0194FD0A70040F0FB /* Foundation.framework */; };
		79F9E8EC194FD0A70040F0FB /* UIKit.framework in Frameworks */ = {isa = PBXBuildFile; fileRef = 79F9E8D4194FD0A70040F0FB /* UIKit.framework */; };
		79F9E8F4194FD0A70040F0FB /* InfoPlist.strings in Resources */ = {isa = PBXBuildFile; fileRef = 79F9E8F2194FD0A70040F0FB /* InfoPlist.strings */; };
		79F9E8F6194FD0A70040F0FB /* TuTests.m in Sources */ = {isa = PBXBuildFile; fileRef = 79F9E8F5194FD0A70040F0FB /* TuTests.m */; };
		79F9E900195123180040F0FB /* Main.storyboard in Resources */ = {isa = PBXBuildFile; fileRef = 79F9E8FF195123180040F0FB /* Main.storyboard */; };
		79FDA8CE198A1CE0009286C1 /* TuToDoItem.mm in Sources */ = {isa = PBXBuildFile; fileRef = 79FDA8CD198A1CE0009286C1 /* TuToDoItem.mm */; };
		79FDA8D51993896B009286C1 /* RandomString.cpp in Sources */ = {isa = PBXBuildFile; fileRef = 79FDA8D31993896B009286C1 /* RandomString.cpp */; };
		79FDA8D819948237009286C1 /* CurlClient.cpp in Sources */ = {isa = PBXBuildFile; fileRef = 79FDA8D619948237009286C1 /* CurlClient.cpp */; };
		79FDA8DA1994C5AA009286C1 /* libcurl.a in Frameworks */ = {isa = PBXBuildFile; fileRef = 79FDA8D91994C5AA009286C1 /* libcurl.a */; };
		79FDA8DC1994C910009286C1 /* libz.dylib in Frameworks */ = {isa = PBXBuildFile; fileRef = 79FDA8DB1994C910009286C1 /* libz.dylib */; };
/* End PBXBuildFile section */

/* Begin PBXContainerItemProxy section */
		79F9E8ED194FD0A70040F0FB /* PBXContainerItemProxy */ = {
			isa = PBXContainerItemProxy;
			containerPortal = 79F9E8C5194FD0A70040F0FB /* Project object */;
			proxyType = 1;
			remoteGlobalIDString = 79F9E8CC194FD0A70040F0FB;
			remoteInfo = Tu;
		};
/* End PBXContainerItemProxy section */

/* Begin PBXFileReference section */
		791E7A541998BD5A00B709E9 /* PlayerInfo.cpp */ = {isa = PBXFileReference; fileEncoding = 4; lastKnownFileType = sourcecode.cpp.cpp; path = PlayerInfo.cpp; sourceTree = "<group>"; };
		791E7A551998BD5A00B709E9 /* PlayerInfo.h */ = {isa = PBXFileReference; fileEncoding = 4; lastKnownFileType = sourcecode.c.h; path = PlayerInfo.h; sourceTree = "<group>"; };
		791E7A571998BFC700B709E9 /* Crawler.cpp */ = {isa = PBXFileReference; fileEncoding = 4; lastKnownFileType = sourcecode.cpp.cpp; path = Crawler.cpp; sourceTree = "<group>"; };
		791E7A581998BFC700B709E9 /* Crawler.h */ = {isa = PBXFileReference; fileEncoding = 4; lastKnownFileType = sourcecode.c.h; path = Crawler.h; sourceTree = "<group>"; };
		791E7A5D1999AB8800B709E9 /* RegexManager.cpp */ = {isa = PBXFileReference; fileEncoding = 4; lastKnownFileType = sourcecode.cpp.cpp; path = RegexManager.cpp; sourceTree = "<group>"; };
		791E7A5E1999AB8800B709E9 /* RegexManager.h */ = {isa = PBXFileReference; fileEncoding = 4; lastKnownFileType = sourcecode.c.h; path = RegexManager.h; sourceTree = "<group>"; };
		791E7A601999ABCB00B709E9 /* searchResult */ = {isa = PBXFileReference; fileEncoding = 4; lastKnownFileType = text; path = searchResult; sourceTree = "<group>"; };
		791E7A631999B0BA00B709E9 /* Singleton.h */ = {isa = PBXFileReference; lastKnownFileType = sourcecode.c.h; path = Singleton.h; sourceTree = "<group>"; };
		79B77EB91978FA1F005C6432 /* CurlTest.cpp */ = {isa = PBXFileReference; fileEncoding = 4; lastKnownFileType = sourcecode.cpp.cpp; name = CurlTest.cpp; path = Backend/CurlTest.cpp; sourceTree = "<group>"; };
		79B77EBA1978FA1F005C6432 /* CurlTest.h */ = {isa = PBXFileReference; fileEncoding = 4; lastKnownFileType = sourcecode.c.h; name = CurlTest.h; path = Backend/CurlTest.h; sourceTree = "<group>"; };
		79B77EBC19790A85005C6432 /* TuAddToDoItemViewController.h */ = {isa = PBXFileReference; fileEncoding = 4; lastKnownFileType = sourcecode.c.h; name = TuAddToDoItemViewController.h; path = Frontend/TuAddToDoItemViewController.h; sourceTree = "<group>"; };
		79B77EBD19790A85005C6432 /* TuAddToDoItemViewController.m */ = {isa = PBXFileReference; fileEncoding = 4; lastKnownFileType = sourcecode.c.objc; name = TuAddToDoItemViewController.m; path = Frontend/TuAddToDoItemViewController.m; sourceTree = "<group>"; };
		79B77EC019790BA7005C6432 /* TuToDoListTableViewController.h */ = {isa = PBXFileReference; fileEncoding = 4; lastKnownFileType = sourcecode.c.h; name = TuToDoListTableViewController.h; path = Frontend/TuToDoListTableViewController.h; sourceTree = "<group>"; };
		79B77EC119790BA7005C6432 /* TuToDoListTableViewController.m */ = {isa = PBXFileReference; fileEncoding = 4; lastKnownFileType = sourcecode.c.objc; name = TuToDoListTableViewController.m; path = Frontend/TuToDoListTableViewController.m; sourceTree = "<group>"; };
		79F9E8CD194FD0A70040F0FB /* Tu.app */ = {isa = PBXFileReference; explicitFileType = wrapper.application; includeInIndex = 0; path = Tu.app; sourceTree = BUILT_PRODUCTS_DIR; };
		79F9E8D0194FD0A70040F0FB /* Foundation.framework */ = {isa = PBXFileReference; lastKnownFileType = wrapper.framework; name = Foundation.framework; path = System/Library/Frameworks/Foundation.framework; sourceTree = SDKROOT; };
		79F9E8D2194FD0A70040F0FB /* CoreGraphics.framework */ = {isa = PBXFileReference; lastKnownFileType = wrapper.framework; name = CoreGraphics.framework; path = System/Library/Frameworks/CoreGraphics.framework; sourceTree = SDKROOT; };
		79F9E8D4194FD0A70040F0FB /* UIKit.framework */ = {isa = PBXFileReference; lastKnownFileType = wrapper.framework; name = UIKit.framework; path = System/Library/Frameworks/UIKit.framework; sourceTree = SDKROOT; };
		79F9E8D8194FD0A70040F0FB /* Tu-Info.plist */ = {isa = PBXFileReference; lastKnownFileType = text.plist.xml; path = "Tu-Info.plist"; sourceTree = "<group>"; };
		79F9E8DA194FD0A70040F0FB /* en */ = {isa = PBXFileReference; lastKnownFileType = text.plist.strings; name = en; path = en.lproj/InfoPlist.strings; sourceTree = "<group>"; };
		79F9E8DC194FD0A70040F0FB /* main.m */ = {isa = PBXFileReference; lastKnownFileType = sourcecode.c.objc; path = main.m; sourceTree = "<group>"; };
		79F9E8DE194FD0A70040F0FB /* Tu-Prefix.pch */ = {isa = PBXFileReference; lastKnownFileType = sourcecode.c.h; path = "Tu-Prefix.pch"; sourceTree = "<group>"; };
		79F9E8DF194FD0A70040F0FB /* AppDelegate.h */ = {isa = PBXFileReference; lastKnownFileType = sourcecode.c.h; path = AppDelegate.h; sourceTree = "<group>"; };
		79F9E8E0194FD0A70040F0FB /* AppDelegate.m */ = {isa = PBXFileReference; lastKnownFileType = sourcecode.c.objc; path = AppDelegate.m; sourceTree = "<group>"; };
		79F9E8E2194FD0A70040F0FB /* Images.xcassets */ = {isa = PBXFileReference; lastKnownFileType = folder.assetcatalog; path = Images.xcassets; sourceTree = "<group>"; };
		79F9E8E8194FD0A70040F0FB /* TuTests.xctest */ = {isa = PBXFileReference; explicitFileType = wrapper.cfbundle; includeInIndex = 0; path = TuTests.xctest; sourceTree = BUILT_PRODUCTS_DIR; };
		79F9E8E9194FD0A70040F0FB /* XCTest.framework */ = {isa = PBXFileReference; lastKnownFileType = wrapper.framework; name = XCTest.framework; path = Library/Frameworks/XCTest.framework; sourceTree = DEVELOPER_DIR; };
		79F9E8F1194FD0A70040F0FB /* TuTests-Info.plist */ = {isa = PBXFileReference; lastKnownFileType = text.plist.xml; path = "TuTests-Info.plist"; sourceTree = "<group>"; };
		79F9E8F3194FD0A70040F0FB /* en */ = {isa = PBXFileReference; lastKnownFileType = text.plist.strings; name = en; path = en.lproj/InfoPlist.strings; sourceTree = "<group>"; };
		79F9E8F5194FD0A70040F0FB /* TuTests.m */ = {isa = PBXFileReference; lastKnownFileType = sourcecode.c.objc; path = TuTests.m; sourceTree = "<group>"; };
		79F9E8FF195123180040F0FB /* Main.storyboard */ = {isa = PBXFileReference; fileEncoding = 4; lastKnownFileType = file.storyboard; path = Main.storyboard; sourceTree = "<group>"; };
		79FDA8CC198A1CE0009286C1 /* TuToDoItem.h */ = {isa = PBXFileReference; fileEncoding = 4; lastKnownFileType = sourcecode.c.h; name = TuToDoItem.h; path = Frontend/TuToDoItem.h; sourceTree = "<group>"; };
		79FDA8CD198A1CE0009286C1 /* TuToDoItem.mm */ = {isa = PBXFileReference; fileEncoding = 4; lastKnownFileType = sourcecode.cpp.objcpp; name = TuToDoItem.mm; path = Frontend/TuToDoItem.mm; sourceTree = "<group>"; };
		79FDA8D31993896B009286C1 /* RandomString.cpp */ = {isa = PBXFileReference; fileEncoding = 4; lastKnownFileType = sourcecode.cpp.cpp; name = RandomString.cpp; path = Backend/RandomString.cpp; sourceTree = "<group>"; };
		79FDA8D41993896B009286C1 /* RandomString.h */ = {isa = PBXFileReference; fileEncoding = 4; lastKnownFileType = sourcecode.c.h; name = RandomString.h; path = Backend/RandomString.h; sourceTree = "<group>"; };
		79FDA8D619948237009286C1 /* CurlClient.cpp */ = {isa = PBXFileReference; fileEncoding = 4; lastKnownFileType = sourcecode.cpp.cpp; name = CurlClient.cpp; path = Backend/CurlClient.cpp; sourceTree = "<group>"; };
		79FDA8D719948237009286C1 /* CurlClient.h */ = {isa = PBXFileReference; fileEncoding = 4; lastKnownFileType = sourcecode.c.h; name = CurlClient.h; path = Backend/CurlClient.h; sourceTree = "<group>"; };
		79FDA8D91994C5AA009286C1 /* libcurl.a */ = {isa = PBXFileReference; lastKnownFileType = archive.ar; name = libcurl.a; path = lib/libcurl.a; sourceTree = "<group>"; };
		79FDA8DB1994C910009286C1 /* libz.dylib */ = {isa = PBXFileReference; lastKnownFileType = "compiled.mach-o.dylib"; name = libz.dylib; path = usr/lib/libz.dylib; sourceTree = SDKROOT; };
/* End PBXFileReference section */

/* Begin PBXFrameworksBuildPhase section */
		79F9E8CA194FD0A70040F0FB /* Frameworks */ = {
			isa = PBXFrameworksBuildPhase;
			buildActionMask = 2147483647;
			files = (
				79FDA8DC1994C910009286C1 /* libz.dylib in Frameworks */,
				79F9E8D3194FD0A70040F0FB /* CoreGraphics.framework in Frameworks */,
				79FDA8DA1994C5AA009286C1 /* libcurl.a in Frameworks */,
				79F9E8D5194FD0A70040F0FB /* UIKit.framework in Frameworks */,
				79F9E8D1194FD0A70040F0FB /* Foundation.framework in Frameworks */,
			);
			runOnlyForDeploymentPostprocessing = 0;
		};
		79F9E8E5194FD0A70040F0FB /* Frameworks */ = {
			isa = PBXFrameworksBuildPhase;
			buildActionMask = 2147483647;
			files = (
				79F9E8EA194FD0A70040F0FB /* XCTest.framework in Frameworks */,
				79F9E8EC194FD0A70040F0FB /* UIKit.framework in Frameworks */,
				79F9E8EB194FD0A70040F0FB /* Foundation.framework in Frameworks */,
			);
			runOnlyForDeploymentPostprocessing = 0;
		};
/* End PBXFrameworksBuildPhase section */

/* Begin PBXGroup section */
		791E7A5A1999AAFD00B709E9 /* Resources */ = {
			isa = PBXGroup;
			children = (
				791E7A5B1999AB4600B709E9 /* regex */,
			);
			path = Resources;
			sourceTree = "<group>";
		};
		791E7A5B1999AB4600B709E9 /* regex */ = {
			isa = PBXGroup;
			children = (
				791E7A601999ABCB00B709E9 /* searchResult */,
			);
			path = regex;
			sourceTree = "<group>";
		};
		791E7A5C1999AB7600B709E9 /* Utils */ = {
			isa = PBXGroup;
			children = (
				791E7A5D1999AB8800B709E9 /* RegexManager.cpp */,
				791E7A5E1999AB8800B709E9 /* RegexManager.h */,
			);
			name = Utils;
			path = Backend/Utils;
			sourceTree = "<group>";
		};
		791E7A621999AC9200B709E9 /* Base */ = {
			isa = PBXGroup;
			children = (
				791E7A631999B0BA00B709E9 /* Singleton.h */,
			);
			name = Base;
			path = Backend/Base;
			sourceTree = "<group>";
		};
		79B77EB81978F9E8005C6432 /* Backend */ = {
			isa = PBXGroup;
			children = (
				791E7A621999AC9200B709E9 /* Base */,
				791E7A5C1999AB7600B709E9 /* Utils */,
				79FDA8D619948237009286C1 /* CurlClient.cpp */,
				79FDA8D719948237009286C1 /* CurlClient.h */,
				79FDA8D31993896B009286C1 /* RandomString.cpp */,
				79FDA8D41993896B009286C1 /* RandomString.h */,
				79B77EB91978FA1F005C6432 /* CurlTest.cpp */,
				79B77EBA1978FA1F005C6432 /* CurlTest.h */,
				791E7A541998BD5A00B709E9 /* PlayerInfo.cpp */,
				791E7A551998BD5A00B709E9 /* PlayerInfo.h */,
				791E7A571998BFC700B709E9 /* Crawler.cpp */,
				791E7A581998BFC700B709E9 /* Crawler.h */,
			);
			name = Backend;
			sourceTree = "<group>";
		};
		79B77EBF19790A96005C6432 /* Frontend */ = {
			isa = PBXGroup;
			children = (
				79FDA8CC198A1CE0009286C1 /* TuToDoItem.h */,
				79FDA8CD198A1CE0009286C1 /* TuToDoItem.mm */,
				79B77EC019790BA7005C6432 /* TuToDoListTableViewController.h */,
				79B77EC119790BA7005C6432 /* TuToDoListTableViewController.m */,
				79B77EBC19790A85005C6432 /* TuAddToDoItemViewController.h */,
				79B77EBD19790A85005C6432 /* TuAddToDoItemViewController.m */,
			);
			name = Frontend;
			sourceTree = "<group>";
		};
		79F9E8C4194FD0A70040F0FB = {
			isa = PBXGroup;
			children = (
				791E7A5A1999AAFD00B709E9 /* Resources */,
				79F9E8D6194FD0A70040F0FB /* Tu */,
				79F9E8EF194FD0A70040F0FB /* TuTests */,
				79F9E8CF194FD0A70040F0FB /* Frameworks */,
				79F9E8CE194FD0A70040F0FB /* Products */,
			);
			sourceTree = "<group>";
		};
		79F9E8CE194FD0A70040F0FB /* Products */ = {
			isa = PBXGroup;
			children = (
				79F9E8CD194FD0A70040F0FB /* Tu.app */,
				79F9E8E8194FD0A70040F0FB /* TuTests.xctest */,
			);
			name = Products;
			sourceTree = "<group>";
		};
		79F9E8CF194FD0A70040F0FB /* Frameworks */ = {
			isa = PBXGroup;
			children = (
				79FDA8DB1994C910009286C1 /* libz.dylib */,
				79FDA8D91994C5AA009286C1 /* libcurl.a */,
				79F9E8D0194FD0A70040F0FB /* Foundation.framework */,
				79F9E8D2194FD0A70040F0FB /* CoreGraphics.framework */,
				79F9E8D4194FD0A70040F0FB /* UIKit.framework */,
				79F9E8E9194FD0A70040F0FB /* XCTest.framework */,
			);
			name = Frameworks;
			sourceTree = "<group>";
		};
		79F9E8D6194FD0A70040F0FB /* Tu */ = {
			isa = PBXGroup;
			children = (
				79B77EBF19790A96005C6432 /* Frontend */,
				79B77EB81978F9E8005C6432 /* Backend */,
				79F9E8DF194FD0A70040F0FB /* AppDelegate.h */,
				79F9E8E0194FD0A70040F0FB /* AppDelegate.m */,
				79F9E8FF195123180040F0FB /* Main.storyboard */,
				79F9E8E2194FD0A70040F0FB /* Images.xcassets */,
				79F9E8D7194FD0A70040F0FB /* Supporting Files */,
			);
			path = Tu;
			sourceTree = "<group>";
		};
		79F9E8D7194FD0A70040F0FB /* Supporting Files */ = {
			isa = PBXGroup;
			children = (
				79F9E8D8194FD0A70040F0FB /* Tu-Info.plist */,
				79F9E8D9194FD0A70040F0FB /* InfoPlist.strings */,
				79F9E8DC194FD0A70040F0FB /* main.m */,
				79F9E8DE194FD0A70040F0FB /* Tu-Prefix.pch */,
			);
			name = "Supporting Files";
			sourceTree = "<group>";
		};
		79F9E8EF194FD0A70040F0FB /* TuTests */ = {
			isa = PBXGroup;
			children = (
				79F9E8F5194FD0A70040F0FB /* TuTests.m */,
				79F9E8F0194FD0A70040F0FB /* Supporting Files */,
			);
			path = TuTests;
			sourceTree = "<group>";
		};
		79F9E8F0194FD0A70040F0FB /* Supporting Files */ = {
			isa = PBXGroup;
			children = (
				79F9E8F1194FD0A70040F0FB /* TuTests-Info.plist */,
				79F9E8F2194FD0A70040F0FB /* InfoPlist.strings */,
			);
			name = "Supporting Files";
			sourceTree = "<group>";
		};
/* End PBXGroup section */

/* Begin PBXNativeTarget section */
		79F9E8CC194FD0A70040F0FB /* Tu */ = {
			isa = PBXNativeTarget;
			buildConfigurationList = 79F9E8F9194FD0A70040F0FB /* Build configuration list for PBXNativeTarget "Tu" */;
			buildPhases = (
				79F9E8C9194FD0A70040F0FB /* Sources */,
				79F9E8CA194FD0A70040F0FB /* Frameworks */,
				79F9E8CB194FD0A70040F0FB /* Resources */,
			);
			buildRules = (
			);
			dependencies = (
			);
			name = Tu;
			productName = Tu;
			productReference = 79F9E8CD194FD0A70040F0FB /* Tu.app */;
			productType = "com.apple.product-type.application";
		};
		79F9E8E7194FD0A70040F0FB /* TuTests */ = {
			isa = PBXNativeTarget;
			buildConfigurationList = 79F9E8FC194FD0A70040F0FB /* Build configuration list for PBXNativeTarget "TuTests" */;
			buildPhases = (
				79F9E8E4194FD0A70040F0FB /* Sources */,
				79F9E8E5194FD0A70040F0FB /* Frameworks */,
				79F9E8E6194FD0A70040F0FB /* Resources */,
			);
			buildRules = (
			);
			dependencies = (
				79F9E8EE194FD0A70040F0FB /* PBXTargetDependency */,
			);
			name = TuTests;
			productName = TuTests;
			productReference = 79F9E8E8194FD0A70040F0FB /* TuTests.xctest */;
			productType = "com.apple.product-type.bundle.unit-test";
		};
/* End PBXNativeTarget section */

/* Begin PBXProject section */
		79F9E8C5194FD0A70040F0FB /* Project object */ = {
			isa = PBXProject;
			attributes = {
				LastUpgradeCheck = 0510;
				ORGANIZATIONNAME = "Ce Zheng";
				TargetAttributes = {
					79F9E8E7194FD0A70040F0FB = {
						TestTargetID = 79F9E8CC194FD0A70040F0FB;
					};
				};
			};
			buildConfigurationList = 79F9E8C8194FD0A70040F0FB /* Build configuration list for PBXProject "Tu" */;
			compatibilityVersion = "Xcode 3.2";
			developmentRegion = English;
			hasScannedForEncodings = 0;
			knownRegions = (
				en,
			);
			mainGroup = 79F9E8C4194FD0A70040F0FB;
			productRefGroup = 79F9E8CE194FD0A70040F0FB /* Products */;
			projectDirPath = "";
			projectRoot = "";
			targets = (
				79F9E8CC194FD0A70040F0FB /* Tu */,
				79F9E8E7194FD0A70040F0FB /* TuTests */,
			);
		};
/* End PBXProject section */

/* Begin PBXResourcesBuildPhase section */
		79F9E8CB194FD0A70040F0FB /* Resources */ = {
			isa = PBXResourcesBuildPhase;
			buildActionMask = 2147483647;
			files = (
				79F9E900195123180040F0FB /* Main.storyboard in Resources */,
				791E7A611999ABCB00B709E9 /* searchResult in Resources */,
				79F9E8DB194FD0A70040F0FB /* InfoPlist.strings in Resources */,
				79F9E8E3194FD0A70040F0FB /* Images.xcassets in Resources */,
			);
			runOnlyForDeploymentPostprocessing = 0;
		};
		79F9E8E6194FD0A70040F0FB /* Resources */ = {
			isa = PBXResourcesBuildPhase;
			buildActionMask = 2147483647;
			files = (
				79F9E8F4194FD0A70040F0FB /* InfoPlist.strings in Resources */,
			);
			runOnlyForDeploymentPostprocessing = 0;
		};
/* End PBXResourcesBuildPhase section */

/* Begin PBXSourcesBuildPhase section */
		79F9E8C9194FD0A70040F0FB /* Sources */ = {
			isa = PBXSourcesBuildPhase;
			buildActionMask = 2147483647;
			files = (
				791E7A5F1999AB8800B709E9 /* RegexManager.cpp in Sources */,
				791E7A591998BFC700B709E9 /* Crawler.cpp in Sources */,
				79FDA8D51993896B009286C1 /* RandomString.cpp in Sources */,
				79F9E8E1194FD0A70040F0FB /* AppDelegate.m in Sources */,
				791E7A561998BD5A00B709E9 /* PlayerInfo.cpp in Sources */,
				79F9E8DD194FD0A70040F0FB /* main.m in Sources */,
				79B77EBE19790A85005C6432 /* TuAddToDoItemViewController.m in Sources */,
				79FDA8D819948237009286C1 /* CurlClient.cpp in Sources */,
				79FDA8CE198A1CE0009286C1 /* TuToDoItem.mm in Sources */,
				79B77EBB1978FA1F005C6432 /* CurlTest.cpp in Sources */,
				79B77EC219790BA7005C6432 /* TuToDoListTableViewController.m in Sources */,
			);
			runOnlyForDeploymentPostprocessing = 0;
		};
		79F9E8E4194FD0A70040F0FB /* Sources */ = {
			isa = PBXSourcesBuildPhase;
			buildActionMask = 2147483647;
			files = (
				79F9E8F6194FD0A70040F0FB /* TuTests.m in Sources */,
			);
			runOnlyForDeploymentPostprocessing = 0;
		};
/* End PBXSourcesBuildPhase section */

/* Begin PBXTargetDependency section */
		79F9E8EE194FD0A70040F0FB /* PBXTargetDependency */ = {
			isa = PBXTargetDependency;
			target = 79F9E8CC194FD0A70040F0FB /* Tu */;
			targetProxy = 79F9E8ED194FD0A70040F0FB /* PBXContainerItemProxy */;
		};
/* End PBXTargetDependency section */

/* Begin PBXVariantGroup section */
		79F9E8D9194FD0A70040F0FB /* InfoPlist.strings */ = {
			isa = PBXVariantGroup;
			children = (
				79F9E8DA194FD0A70040F0FB /* en */,
			);
			name = InfoPlist.strings;
			sourceTree = "<group>";
		};
		79F9E8F2194FD0A70040F0FB /* InfoPlist.strings */ = {
			isa = PBXVariantGroup;
			children = (
				79F9E8F3194FD0A70040F0FB /* en */,
			);
			name = InfoPlist.strings;
			sourceTree = "<group>";
		};
/* End PBXVariantGroup section */

/* Begin XCBuildConfiguration section */
		79F9E8F7194FD0A70040F0FB /* Debug */ = {
			isa = XCBuildConfiguration;
			buildSettings = {
				ALWAYS_SEARCH_USER_PATHS = NO;
				CLANG_CXX_LANGUAGE_STANDARD = "gnu++0x";
				CLANG_CXX_LIBRARY = "libc++";
				CLANG_ENABLE_MODULES = YES;
				CLANG_ENABLE_OBJC_ARC = YES;
				CLANG_WARN_BOOL_CONVERSION = YES;
				CLANG_WARN_CONSTANT_CONVERSION = YES;
				CLANG_WARN_DIRECT_OBJC_ISA_USAGE = YES_ERROR;
				CLANG_WARN_EMPTY_BODY = YES;
				CLANG_WARN_ENUM_CONVERSION = YES;
				CLANG_WARN_INT_CONVERSION = YES;
				CLANG_WARN_OBJC_ROOT_CLASS = YES_ERROR;
				CLANG_WARN__DUPLICATE_METHOD_MATCH = YES;
				"CODE_SIGN_IDENTITY[sdk=iphoneos*]" = "iPhone Developer";
				COPY_PHASE_STRIP = NO;
				GCC_C_LANGUAGE_STANDARD = gnu99;
				GCC_DYNAMIC_NO_PIC = NO;
				GCC_OPTIMIZATION_LEVEL = 0;
				GCC_PREPROCESSOR_DEFINITIONS = (
					"DEBUG=1",
					"$(inherited)",
				);
				GCC_SYMBOLS_PRIVATE_EXTERN = NO;
				GCC_WARN_64_TO_32_BIT_CONVERSION = YES;
				GCC_WARN_ABOUT_RETURN_TYPE = YES_ERROR;
				GCC_WARN_UNDECLARED_SELECTOR = YES;
				GCC_WARN_UNINITIALIZED_AUTOS = YES_AGGRESSIVE;
				GCC_WARN_UNUSED_FUNCTION = YES;
				GCC_WARN_UNUSED_VARIABLE = YES;
				IPHONEOS_DEPLOYMENT_TARGET = 7.1;
				ONLY_ACTIVE_ARCH = YES;
				SDKROOT = iphoneos;
				TARGETED_DEVICE_FAMILY = "1,2";
			};
			name = Debug;
		};
		79F9E8F8194FD0A70040F0FB /* Release */ = {
			isa = XCBuildConfiguration;
			buildSettings = {
				ALWAYS_SEARCH_USER_PATHS = NO;
				CLANG_CXX_LANGUAGE_STANDARD = "gnu++0x";
				CLANG_CXX_LIBRARY = "libc++";
				CLANG_ENABLE_MODULES = YES;
				CLANG_ENABLE_OBJC_ARC = YES;
				CLANG_WARN_BOOL_CONVERSION = YES;
				CLANG_WARN_CONSTANT_CONVERSION = YES;
				CLANG_WARN_DIRECT_OBJC_ISA_USAGE = YES_ERROR;
				CLANG_WARN_EMPTY_BODY = YES;
				CLANG_WARN_ENUM_CONVERSION = YES;
				CLANG_WARN_INT_CONVERSION = YES;
				CLANG_WARN_OBJC_ROOT_CLASS = YES_ERROR;
				CLANG_WARN__DUPLICATE_METHOD_MATCH = YES;
				"CODE_SIGN_IDENTITY[sdk=iphoneos*]" = "iPhone Developer";
				COPY_PHASE_STRIP = YES;
				ENABLE_NS_ASSERTIONS = NO;
				GCC_C_LANGUAGE_STANDARD = gnu99;
				GCC_WARN_64_TO_32_BIT_CONVERSION = YES;
				GCC_WARN_ABOUT_RETURN_TYPE = YES_ERROR;
				GCC_WARN_UNDECLARED_SELECTOR = YES;
				GCC_WARN_UNINITIALIZED_AUTOS = YES_AGGRESSIVE;
				GCC_WARN_UNUSED_FUNCTION = YES;
				GCC_WARN_UNUSED_VARIABLE = YES;
				IPHONEOS_DEPLOYMENT_TARGET = 7.1;
				SDKROOT = iphoneos;
				TARGETED_DEVICE_FAMILY = "1,2";
				VALIDATE_PRODUCT = YES;
			};
			name = Release;
		};
		79F9E8FA194FD0A70040F0FB /* Debug */ = {
			isa = XCBuildConfiguration;
			buildSettings = {
				ASSETCATALOG_COMPILER_APPICON_NAME = AppIcon;
				ASSETCATALOG_COMPILER_LAUNCHIMAGE_NAME = LaunchImage;
				CODE_SIGN_IDENTITY = "iPhone Developer: Kenta Ogura (552BE486SU)";
				GCC_PRECOMPILE_PREFIX_HEADER = YES;
				GCC_PREFIX_HEADER = "Tu/Tu-Prefix.pch";
				INFOPLIST_FILE = "Tu/Tu-Info.plist";
				LIBRARY_SEARCH_PATHS = (
					"$(inherited)",
					"$(SRCROOT)/lib",
				);
				PRODUCT_NAME = "$(TARGET_NAME)";
				PROVISIONING_PROFILE = "0BA15177-9D19-4D30-92F5-154AEE18EBBA";
				TARGETED_DEVICE_FAMILY = "1,2";
				USER_HEADER_SEARCH_PATHS = "$(SRCROOT)/lib/**";
				WRAPPER_EXTENSION = app;
			};
			name = Debug;
		};
		79F9E8FB194FD0A70040F0FB /* Release */ = {
			isa = XCBuildConfiguration;
			buildSettings = {
				ASSETCATALOG_COMPILER_APPICON_NAME = AppIcon;
				ASSETCATALOG_COMPILER_LAUNCHIMAGE_NAME = LaunchImage;
				CODE_SIGN_IDENTITY = "iPhone Developer: Kenta Ogura (552BE486SU)";
				GCC_PRECOMPILE_PREFIX_HEADER = YES;
				GCC_PREFIX_HEADER = "Tu/Tu-Prefix.pch";
				INFOPLIST_FILE = "Tu/Tu-Info.plist";
				LIBRARY_SEARCH_PATHS = (
					"$(inherited)",
					"$(SRCROOT)/lib",
				);
				PRODUCT_NAME = "$(TARGET_NAME)";
				PROVISIONING_PROFILE = "0BA15177-9D19-4D30-92F5-154AEE18EBBA";
				TARGETED_DEVICE_FAMILY = "1,2";
				USER_HEADER_SEARCH_PATHS = "$(SRCROOT)/lib/**";
				WRAPPER_EXTENSION = app;
			};
			name = Release;
		};
		79F9E8FD194FD0A70040F0FB /* Debug */ = {
			isa = XCBuildConfiguration;
			buildSettings = {
				BUNDLE_LOADER = "$(BUILT_PRODUCTS_DIR)/Tu.app/Tu";
				FRAMEWORK_SEARCH_PATHS = (
					"$(SDKROOT)/Developer/Library/Frameworks",
					"$(inherited)",
					"$(DEVELOPER_FRAMEWORKS_DIR)",
				);
				GCC_PRECOMPILE_PREFIX_HEADER = YES;
				GCC_PREFIX_HEADER = "Tu/Tu-Prefix.pch";
				GCC_PREPROCESSOR_DEFINITIONS = (
					"DEBUG=1",
					"$(inherited)",
				);
				INFOPLIST_FILE = "TuTests/TuTests-Info.plist";
				PRODUCT_NAME = "$(TARGET_NAME)";
				TEST_HOST = "$(BUNDLE_LOADER)";
				WRAPPER_EXTENSION = xctest;
			};
			name = Debug;
		};
		79F9E8FE194FD0A70040F0FB /* Release */ = {
			isa = XCBuildConfiguration;
			buildSettings = {
				BUNDLE_LOADER = "$(BUILT_PRODUCTS_DIR)/Tu.app/Tu";
				FRAMEWORK_SEARCH_PATHS = (
					"$(SDKROOT)/Developer/Library/Frameworks",
					"$(inherited)",
					"$(DEVELOPER_FRAMEWORKS_DIR)",
				);
				GCC_PRECOMPILE_PREFIX_HEADER = YES;
				GCC_PREFIX_HEADER = "Tu/Tu-Prefix.pch";
				INFOPLIST_FILE = "TuTests/TuTests-Info.plist";
				PRODUCT_NAME = "$(TARGET_NAME)";
				TEST_HOST = "$(BUNDLE_LOADER)";
				WRAPPER_EXTENSION = xctest;
			};
			name = Release;
		};
/* End XCBuildConfiguration section */

/* Begin XCConfigurationList section */
		79F9E8C8194FD0A70040F0FB /* Build configuration list for PBXProject "Tu" */ = {
			isa = XCConfigurationList;
			buildConfigurations = (
				79F9E8F7194FD0A70040F0FB /* Debug */,
				79F9E8F8194FD0A70040F0FB /* Release */,
			);
			defaultConfigurationIsVisible = 0;
			defaultConfigurationName = Release;
		};
		79F9E8F9194FD0A70040F0FB /* Build configuration list for PBXNativeTarget "Tu" */ = {
			isa = XCConfigurationList;
			buildConfigurations = (
				79F9E8FA194FD0A70040F0FB /* Debug */,
				79F9E8FB194FD0A70040F0FB /* Release */,
			);
			defaultConfigurationIsVisible = 0;
			defaultConfigurationName = Release;
		};
		79F9E8FC194FD0A70040F0FB /* Build configuration list for PBXNativeTarget "TuTests" */ = {
			isa = XCConfigurationList;
			buildConfigurations = (
				79F9E8FD194FD0A70040F0FB /* Debug */,
				79F9E8FE194FD0A70040F0FB /* Release */,
			);
			defaultConfigurationIsVisible = 0;
			defaultConfigurationName = Release;
		};
/* End XCConfigurationList section */
	};
	rootObject = 79F9E8C5194FD0A70040F0FB /* Project object */;
}
